
Microsoft Visual Studio Solution File, Format Version 12.00
# Visual Studio 15
VisualStudioVersion = 15.0.28307.572
MinimumVisualStudioVersion = 10.0.40219.1
Project("{FAE04EC0-301F-11D3-BF4B-00C04F79EFBC}") = "Academia", "Academia\Academia.csproj", "{7DFFAF8E-3A8E-42DB-AD1B-39F3D34B69DE}"
EndProject
Global
	GlobalSection(SolutionConfigurationPlatforms) = preSolution
		Debug|Any CPU = Debug|Any CPU
		Release|Any CPU = Release|Any CPU
	EndGlobalSection
	GlobalSection(ProjectConfigurationPlatforms) = postSolution
		{7DFFAF8E-3A8E-42DB-AD1B-39F3D34B69DE}.Debug|Any CPU.ActiveCfg = Debug|Any CPU
		{7DFFAF8E-3A8E-42DB-AD1B-39F3D34B69DE}.Debug|Any CPU.Build.0 = Debug|Any CPU
		{7DFFAF8E-3A8E-42DB-AD1B-39F3D34B69DE}.Release|Any CPU.ActiveCfg = Release|Any CPU
		{7DFFAF8E-3A8E-42DB-AD1B-39F3D34B69DE}.Release|Any CPU.Build.0 = Release|Any CPU
	EndGlobalSection
	GlobalSection(SolutionProperties) = preSolution
		HideSolutionNode = FALSE
	EndGlobalSection
	GlobalSection(ExtensibilityGlobals) = postSolution
		SolutionGuid = {40B93116-D315-4581-B781-9CFC8C4CE915}
	EndGlobalSection
EndGlobal
